
Microsoft Visual Studio Solution File, Format Version 12.00
# Visual Studio Version 17
VisualStudioVersion = 17.0.32112.339
MinimumVisualStudioVersion = 10.0.40219.1
Project("{FAE04EC0-301F-11D3-BF4B-00C04F79EFBC}") = "DataStructures", "DataStructures\DataStructures.csproj", "{01EF6D4F-C809-4B7D-8311-82D74BBA1D19}"
EndProject
Project("{FAE04EC0-301F-11D3-BF4B-00C04F79EFBC}") = "BinarySearchArray", "BinarySearchArray\BinarySearchArray.csproj", "{9E305D7D-5A14-4AEF-8ED9-2680A40E2A5D}"
EndProject
Project("{FAE04EC0-301F-11D3-BF4B-00C04F79EFBC}") = "TreeDataStructure", "TreeDataStructure\TreeDataStructure.csproj", "{A7201DB7-0DE3-4DEE-BDA3-52482FDB57A6}"
EndProject
Global
	GlobalSection(SolutionConfigurationPlatforms) = preSolution
		Debug|Any CPU = Debug|Any CPU
		Release|Any CPU = Release|Any CPU
	EndGlobalSection
	GlobalSection(ProjectConfigurationPlatforms) = postSolution
		{01EF6D4F-C809-4B7D-8311-82D74BBA1D19}.Debug|Any CPU.ActiveCfg = Debug|Any CPU
		{01EF6D4F-C809-4B7D-8311-82D74BBA1D19}.Debug|Any CPU.Build.0 = Debug|Any CPU
		{01EF6D4F-C809-4B7D-8311-82D74BBA1D19}.Release|Any CPU.ActiveCfg = Release|Any CPU
		{01EF6D4F-C809-4B7D-8311-82D74BBA1D19}.Release|Any CPU.Build.0 = Release|Any CPU
		{9E305D7D-5A14-4AEF-8ED9-2680A40E2A5D}.Debug|Any CPU.ActiveCfg = Debug|Any CPU
		{9E305D7D-5A14-4AEF-8ED9-2680A40E2A5D}.Debug|Any CPU.Build.0 = Debug|Any CPU
		{9E305D7D-5A14-4AEF-8ED9-2680A40E2A5D}.Release|Any CPU.ActiveCfg = Release|Any CPU
		{9E305D7D-5A14-4AEF-8ED9-2680A40E2A5D}.Release|Any CPU.Build.0 = Release|Any CPU
		{A7201DB7-0DE3-4DEE-BDA3-52482FDB57A6}.Debug|Any CPU.ActiveCfg = Debug|Any CPU
		{A7201DB7-0DE3-4DEE-BDA3-52482FDB57A6}.Debug|Any CPU.Build.0 = Debug|Any CPU
		{A7201DB7-0DE3-4DEE-BDA3-52482FDB57A6}.Release|Any CPU.ActiveCfg = Release|Any CPU
		{A7201DB7-0DE3-4DEE-BDA3-52482FDB57A6}.Release|Any CPU.Build.0 = Release|Any CPU
	EndGlobalSection
	GlobalSection(SolutionProperties) = preSolution
		HideSolutionNode = FALSE
	EndGlobalSection
	GlobalSection(ExtensibilityGlobals) = postSolution
		SolutionGuid = {E05734EC-C975-4CB5-931F-2979E52E4E2F}
	EndGlobalSection
EndGlobal
